
Microsoft Visual Studio Solution File, Format Version 12.00
# Visual Studio Version 17
VisualStudioVersion = 17.9.34728.123
MinimumVisualStudioVersion = 10.0.40219.1
Project("{FAE04EC0-301F-11D3-BF4B-00C04F79EFBC}") = "AnimalWebApp", "AnimalWebApp\AnimalWebApp.csproj", "{E91F8ABA-D68F-4204-912A-E560FCC20104}"
EndProject
Project("{FAE04EC0-301F-11D3-BF4B-00C04F79EFBC}") = "AnimalWebAppTest", "AnimalWebAppTest\AnimalWebAppTest.csproj", "{282CAD90-9276-4AD7-B78B-8B74F9E12B60}"
EndProject
Global
	GlobalSection(SolutionConfigurationPlatforms) = preSolution
		Debug|Any CPU = Debug|Any CPU
		Release|Any CPU = Release|Any CPU
	EndGlobalSection
	GlobalSection(ProjectConfigurationPlatforms) = postSolution
		{E91F8ABA-D68F-4204-912A-E560FCC20104}.Debug|Any CPU.ActiveCfg = Debug|Any CPU
		{E91F8ABA-D68F-4204-912A-E560FCC20104}.Debug|Any CPU.Build.0 = Debug|Any CPU
		{E91F8ABA-D68F-4204-912A-E560FCC20104}.Release|Any CPU.ActiveCfg = Release|Any CPU
		{E91F8ABA-D68F-4204-912A-E560FCC20104}.Release|Any CPU.Build.0 = Release|Any CPU
		{282CAD90-9276-4AD7-B78B-8B74F9E12B60}.Debug|Any CPU.ActiveCfg = Debug|Any CPU
		{282CAD90-9276-4AD7-B78B-8B74F9E12B60}.Debug|Any CPU.Build.0 = Debug|Any CPU
		{282CAD90-9276-4AD7-B78B-8B74F9E12B60}.Release|Any CPU.ActiveCfg = Release|Any CPU
		{282CAD90-9276-4AD7-B78B-8B74F9E12B60}.Release|Any CPU.Build.0 = Release|Any CPU
	EndGlobalSection
	GlobalSection(SolutionProperties) = preSolution
		HideSolutionNode = FALSE
	EndGlobalSection
	GlobalSection(ExtensibilityGlobals) = postSolution
		SolutionGuid = {919C4494-1BE4-4DF8-9F91-909EEDBDACDC}
	EndGlobalSection
EndGlobal
